
Microsoft Visual Studio Solution File, Format Version 12.00
Project("{FAE04EC0-301F-11D3-BF4B-00C04F79EFBC}") = "Final_Project", "Final_Project\Final_Project.csproj", "{4FF19DA1-C832-4FDE-8B8E-675EAFB09C92}"
EndProject
Global
	GlobalSection(SolutionConfigurationPlatforms) = preSolution
		Debug|Any CPU = Debug|Any CPU
		Release|Any CPU = Release|Any CPU
	EndGlobalSection
	GlobalSection(ProjectConfigurationPlatforms) = postSolution
		{4FF19DA1-C832-4FDE-8B8E-675EAFB09C92}.Debug|Any CPU.ActiveCfg = Debug|Any CPU
		{4FF19DA1-C832-4FDE-8B8E-675EAFB09C92}.Debug|Any CPU.Build.0 = Debug|Any CPU
		{4FF19DA1-C832-4FDE-8B8E-675EAFB09C92}.Release|Any CPU.ActiveCfg = Release|Any CPU
		{4FF19DA1-C832-4FDE-8B8E-675EAFB09C92}.Release|Any CPU.Build.0 = Release|Any CPU
	EndGlobalSection
EndGlobal
